
Microsoft Visual Studio Solution File, Format Version 12.00
# Visual Studio Version 17
VisualStudioVersion = 17.4.33213.308
MinimumVisualStudioVersion = 10.0.40219.1
Project("{9A19103F-16F7-4668-BE54-9A1E7A4F7556}") = "MVC_Northwind", "MVC_Northwind\MVC_Northwind.csproj", "{023D9AA8-98FF-4D22-82A2-F3DA92D4E4F8}"
EndProject
Global
	GlobalSection(SolutionConfigurationPlatforms) = preSolution
		Debug|Any CPU = Debug|Any CPU
		Release|Any CPU = Release|Any CPU
	EndGlobalSection
	GlobalSection(ProjectConfigurationPlatforms) = postSolution
		{023D9AA8-98FF-4D22-82A2-F3DA92D4E4F8}.Debug|Any CPU.ActiveCfg = Debug|Any CPU
		{023D9AA8-98FF-4D22-82A2-F3DA92D4E4F8}.Debug|Any CPU.Build.0 = Debug|Any CPU
		{023D9AA8-98FF-4D22-82A2-F3DA92D4E4F8}.Release|Any CPU.ActiveCfg = Release|Any CPU
		{023D9AA8-98FF-4D22-82A2-F3DA92D4E4F8}.Release|Any CPU.Build.0 = Release|Any CPU
	EndGlobalSection
	GlobalSection(SolutionProperties) = preSolution
		HideSolutionNode = FALSE
	EndGlobalSection
	GlobalSection(ExtensibilityGlobals) = postSolution
		SolutionGuid = {5CE883BA-6D24-4417-8D71-E9B69C8EEE6A}
	EndGlobalSection
EndGlobal
