
Microsoft Visual Studio Solution File, Format Version 12.00
# Visual Studio Version 17
VisualStudioVersion = 17.8.34004.107
MinimumVisualStudioVersion = 10.0.40219.1
Project("{FAE04EC0-301F-11D3-BF4B-00C04F79EFBC}") = "MoviePage", "MoviePage\MoviePage.csproj", "{5DCF2626-A500-4A2A-AA3F-A3A4F3F2BCED}"
EndProject
Global
	GlobalSection(SolutionConfigurationPlatforms) = preSolution
		Debug|Any CPU = Debug|Any CPU
		Release|Any CPU = Release|Any CPU
	EndGlobalSection
	GlobalSection(ProjectConfigurationPlatforms) = postSolution
		{5DCF2626-A500-4A2A-AA3F-A3A4F3F2BCED}.Debug|Any CPU.ActiveCfg = Debug|Any CPU
		{5DCF2626-A500-4A2A-AA3F-A3A4F3F2BCED}.Debug|Any CPU.Build.0 = Debug|Any CPU
		{5DCF2626-A500-4A2A-AA3F-A3A4F3F2BCED}.Release|Any CPU.ActiveCfg = Release|Any CPU
		{5DCF2626-A500-4A2A-AA3F-A3A4F3F2BCED}.Release|Any CPU.Build.0 = Release|Any CPU
	EndGlobalSection
	GlobalSection(SolutionProperties) = preSolution
		HideSolutionNode = FALSE
	EndGlobalSection
	GlobalSection(ExtensibilityGlobals) = postSolution
		SolutionGuid = {BBB8FBEB-E703-4497-9F69-CB4D3C977C1C}
	EndGlobalSection
EndGlobal
